
Microsoft Visual Studio Solution File, Format Version 12.00
# Visual Studio Version 16
VisualStudioVersion = 16.0.31205.134
MinimumVisualStudioVersion = 10.0.40219.1
Project("{FAE04EC0-301F-11D3-BF4B-00C04F79EFBC}") = "pract6_OOP", "pract6_OOP\pract6_OOP.csproj", "{BF2875A8-FE9A-47C6-B1AE-E20078F6AF83}"
EndProject
Global
	GlobalSection(SolutionConfigurationPlatforms) = preSolution
		Debug|Any CPU = Debug|Any CPU
		Release|Any CPU = Release|Any CPU
	EndGlobalSection
	GlobalSection(ProjectConfigurationPlatforms) = postSolution
		{BF2875A8-FE9A-47C6-B1AE-E20078F6AF83}.Debug|Any CPU.ActiveCfg = Debug|Any CPU
		{BF2875A8-FE9A-47C6-B1AE-E20078F6AF83}.Debug|Any CPU.Build.0 = Debug|Any CPU
		{BF2875A8-FE9A-47C6-B1AE-E20078F6AF83}.Release|Any CPU.ActiveCfg = Release|Any CPU
		{BF2875A8-FE9A-47C6-B1AE-E20078F6AF83}.Release|Any CPU.Build.0 = Release|Any CPU
	EndGlobalSection
	GlobalSection(SolutionProperties) = preSolution
		HideSolutionNode = FALSE
	EndGlobalSection
	GlobalSection(ExtensibilityGlobals) = postSolution
		SolutionGuid = {F9B1AFF9-9C4F-4A39-8CBF-3D84485BC1D4}
	EndGlobalSection
EndGlobal
